
Microsoft Visual Studio Solution File, Format Version 12.00
# Visual Studio 14
VisualStudioVersion = 14.0.25123.0
MinimumVisualStudioVersion = 10.0.40219.1
Project("{B76836BD-2A54-4364-A017-B2CBAC71135E}") = "Sitecore.Support.356030", "Sitecore.Support.356030\Sitecore.Support.356030.csproj", "{4DFCBA58-9078-4ABF-ABA8-D665778FFD37}"
EndProject
Global
	GlobalSection(SolutionConfigurationPlatforms) = preSolution
		Debug|Any CPU = Debug|Any CPU
		Release|Any CPU = Release|Any CPU
	EndGlobalSection
	GlobalSection(ProjectConfigurationPlatforms) = postSolution
		{4DFCBA58-9078-4ABF-ABA8-D665778FFD37}.Debug|Any CPU.ActiveCfg = Debug|Any CPU
		{4DFCBA58-9078-4ABF-ABA8-D665778FFD37}.Debug|Any CPU.Build.0 = Debug|Any CPU
		{4DFCBA58-9078-4ABF-ABA8-D665778FFD37}.Release|Any CPU.ActiveCfg = Release|Any CPU
		{4DFCBA58-9078-4ABF-ABA8-D665778FFD37}.Release|Any CPU.Build.0 = Release|Any CPU
	EndGlobalSection
	GlobalSection(SolutionProperties) = preSolution
		HideSolutionNode = FALSE
	EndGlobalSection
EndGlobal
